
Microsoft Visual Studio Solution File, Format Version 12.00
# Visual Studio Version 17
VisualStudioVersion = 17.2.32519.379
MinimumVisualStudioVersion = 10.0.40219.1
Project("{FAE04EC0-301F-11D3-BF4B-00C04F79EFBC}") = "mmaiAPI", "mmaiAPI\mmaiAPI.csproj", "{EAB2B281-FEDA-4ED9-A3BD-56F14624956B}"
	ProjectSection(ProjectDependencies) = postProject
		{3770843D-FE3D-4684-B1CE-AAA6D7068B79} = {3770843D-FE3D-4684-B1CE-AAA6D7068B79}
	EndProjectSection
EndProject
Project("{FAE04EC0-301F-11D3-BF4B-00C04F79EFBC}") = "graphQLService", "graphQLService\graphQLService.csproj", "{3770843D-FE3D-4684-B1CE-AAA6D7068B79}"
EndProject
Project("{FAE04EC0-301F-11D3-BF4B-00C04F79EFBC}") = "dataAccess", "dataAccess\dataAccess.csproj", "{B3434F46-3159-43D4-A6A4-3E324A451C6A}"
EndProject
Project("{2150E333-8FDC-42A3-9474-1A3956D46DE8}") = "Solution Items", "Solution Items", "{892016CB-C29C-485F-AB48-9A04C4D5F878}"
	ProjectSection(SolutionItems) = preProject
		.editorconfig = .editorconfig
	EndProjectSection
EndProject
Global
	GlobalSection(SolutionConfigurationPlatforms) = preSolution
		Debug|Any CPU = Debug|Any CPU
		Release|Any CPU = Release|Any CPU
	EndGlobalSection
	GlobalSection(ProjectConfigurationPlatforms) = postSolution
		{EAB2B281-FEDA-4ED9-A3BD-56F14624956B}.Debug|Any CPU.ActiveCfg = Debug|Any CPU
		{EAB2B281-FEDA-4ED9-A3BD-56F14624956B}.Debug|Any CPU.Build.0 = Debug|Any CPU
		{EAB2B281-FEDA-4ED9-A3BD-56F14624956B}.Release|Any CPU.ActiveCfg = Release|Any CPU
		{EAB2B281-FEDA-4ED9-A3BD-56F14624956B}.Release|Any CPU.Build.0 = Release|Any CPU
		{3770843D-FE3D-4684-B1CE-AAA6D7068B79}.Debug|Any CPU.ActiveCfg = Debug|Any CPU
		{3770843D-FE3D-4684-B1CE-AAA6D7068B79}.Debug|Any CPU.Build.0 = Debug|Any CPU
		{3770843D-FE3D-4684-B1CE-AAA6D7068B79}.Release|Any CPU.ActiveCfg = Release|Any CPU
		{3770843D-FE3D-4684-B1CE-AAA6D7068B79}.Release|Any CPU.Build.0 = Release|Any CPU
		{B3434F46-3159-43D4-A6A4-3E324A451C6A}.Debug|Any CPU.ActiveCfg = Debug|Any CPU
		{B3434F46-3159-43D4-A6A4-3E324A451C6A}.Debug|Any CPU.Build.0 = Debug|Any CPU
		{B3434F46-3159-43D4-A6A4-3E324A451C6A}.Release|Any CPU.ActiveCfg = Release|Any CPU
		{B3434F46-3159-43D4-A6A4-3E324A451C6A}.Release|Any CPU.Build.0 = Release|Any CPU
	EndGlobalSection
	GlobalSection(SolutionProperties) = preSolution
		HideSolutionNode = FALSE
	EndGlobalSection
	GlobalSection(ExtensibilityGlobals) = postSolution
		SolutionGuid = {3099A2D9-7E11-4CE2-842B-49A8F4FD0654}
	EndGlobalSection
EndGlobal
